
Microsoft Visual Studio Solution File, Format Version 11.00
# Visual Studio 2010
Project("{FAE04EC0-301F-11D3-BF4B-00C04F79EFBC}") = "ProjectVoid", "Assembly-CSharp.csproj", "{816D18E0-5842-59C3-861E-B56407C32C48}"
EndProject
Global
	GlobalSection(SolutionConfigurationPlatforms) = preSolution
		Debug|Any CPU = Debug|Any CPU
		Release|Any CPU = Release|Any CPU
	EndGlobalSection
	GlobalSection(ProjectConfigurationPlatforms) = postSolution
		{816D18E0-5842-59C3-861E-B56407C32C48}.Debug|Any CPU.ActiveCfg = Debug|Any CPU
		{816D18E0-5842-59C3-861E-B56407C32C48}.Debug|Any CPU.Build.0 = Debug|Any CPU
		{816D18E0-5842-59C3-861E-B56407C32C48}.Release|Any CPU.ActiveCfg = Release|Any CPU
		{816D18E0-5842-59C3-861E-B56407C32C48}.Release|Any CPU.Build.0 = Release|Any CPU
	EndGlobalSection
	GlobalSection(SolutionProperties) = preSolution
		HideSolutionNode = FALSE
	EndGlobalSection
	GlobalSection(MonoDevelopProperties) = preSolution
		StartupItem = Assembly-CSharp.csproj
	EndGlobalSection
EndGlobal
